
Microsoft Visual Studio Solution File, Format Version 12.00
# Visual Studio 15
Project("{FAE04EC0-301F-11D3-BF4B-00C04F79EFBC}") = "SpaceGraphicsToolkit", "SpaceGraphicsToolkit.csproj", "{05F7405C-E7A5-4651-E717-93DF112C6B73}"
EndProject
Project("{FAE04EC0-301F-11D3-BF4B-00C04F79EFBC}") = "Assembly-CSharp", "Assembly-CSharp.csproj", "{E063243A-49BF-C9E5-AE3E-20DA459C2261}"
EndProject
Project("{FAE04EC0-301F-11D3-BF4B-00C04F79EFBC}") = "Assembly-CSharp-Editor", "Assembly-CSharp-Editor.csproj", "{A3DAFC51-3577-352E-308C-4CDC0CDEB5EF}"
EndProject
Project("{FAE04EC0-301F-11D3-BF4B-00C04F79EFBC}") = "GoogleMobileAds.Editor", "GoogleMobileAds.Editor.csproj", "{28D8F40B-03CD-AAE9-147D-CD72A984B628}"
EndProject
Global
	GlobalSection(SolutionConfigurationPlatforms) = preSolution
		Debug|Any CPU = Debug|Any CPU
		Release|Any CPU = Release|Any CPU
	EndGlobalSection
	GlobalSection(ProjectConfigurationPlatforms) = postSolution
		{05F7405C-E7A5-4651-E717-93DF112C6B73}.Debug|Any CPU.ActiveCfg = Debug|Any CPU
		{05F7405C-E7A5-4651-E717-93DF112C6B73}.Debug|Any CPU.Build.0 = Debug|Any CPU
		{05F7405C-E7A5-4651-E717-93DF112C6B73}.Release|Any CPU.ActiveCfg = Release|Any CPU
		{05F7405C-E7A5-4651-E717-93DF112C6B73}.Release|Any CPU.Build.0 = Release|Any CPU
		{E063243A-49BF-C9E5-AE3E-20DA459C2261}.Debug|Any CPU.ActiveCfg = Debug|Any CPU
		{E063243A-49BF-C9E5-AE3E-20DA459C2261}.Debug|Any CPU.Build.0 = Debug|Any CPU
		{E063243A-49BF-C9E5-AE3E-20DA459C2261}.Release|Any CPU.ActiveCfg = Release|Any CPU
		{E063243A-49BF-C9E5-AE3E-20DA459C2261}.Release|Any CPU.Build.0 = Release|Any CPU
		{A3DAFC51-3577-352E-308C-4CDC0CDEB5EF}.Debug|Any CPU.ActiveCfg = Debug|Any CPU
		{A3DAFC51-3577-352E-308C-4CDC0CDEB5EF}.Debug|Any CPU.Build.0 = Debug|Any CPU
		{A3DAFC51-3577-352E-308C-4CDC0CDEB5EF}.Release|Any CPU.ActiveCfg = Release|Any CPU
		{A3DAFC51-3577-352E-308C-4CDC0CDEB5EF}.Release|Any CPU.Build.0 = Release|Any CPU
		{28D8F40B-03CD-AAE9-147D-CD72A984B628}.Debug|Any CPU.ActiveCfg = Debug|Any CPU
		{28D8F40B-03CD-AAE9-147D-CD72A984B628}.Debug|Any CPU.Build.0 = Debug|Any CPU
		{28D8F40B-03CD-AAE9-147D-CD72A984B628}.Release|Any CPU.ActiveCfg = Release|Any CPU
		{28D8F40B-03CD-AAE9-147D-CD72A984B628}.Release|Any CPU.Build.0 = Release|Any CPU
	EndGlobalSection
	GlobalSection(SolutionProperties) = preSolution
		HideSolutionNode = FALSE
	EndGlobalSection
EndGlobal
